
Microsoft Visual Studio Solution File, Format Version 12.00
# Visual Studio Version 17
VisualStudioVersion = 17.4.33205.214
MinimumVisualStudioVersion = 10.0.40219.1
Project("{FAE04EC0-301F-11D3-BF4B-00C04F79EFBC}") = "Artiana_Crawling", "Artiana_Crawling.csproj", "{F12D19E3-45EF-4981-91CE-AA9BA8FC2E33}"
EndProject
Global
	GlobalSection(SolutionConfigurationPlatforms) = preSolution
		Debug|Any CPU = Debug|Any CPU
		Release|Any CPU = Release|Any CPU
	EndGlobalSection
	GlobalSection(ProjectConfigurationPlatforms) = postSolution
		{F12D19E3-45EF-4981-91CE-AA9BA8FC2E33}.Debug|Any CPU.ActiveCfg = Debug|Any CPU
		{F12D19E3-45EF-4981-91CE-AA9BA8FC2E33}.Debug|Any CPU.Build.0 = Debug|Any CPU
		{F12D19E3-45EF-4981-91CE-AA9BA8FC2E33}.Release|Any CPU.ActiveCfg = Release|Any CPU
		{F12D19E3-45EF-4981-91CE-AA9BA8FC2E33}.Release|Any CPU.Build.0 = Release|Any CPU
	EndGlobalSection
	GlobalSection(SolutionProperties) = preSolution
		HideSolutionNode = FALSE
	EndGlobalSection
	GlobalSection(ExtensibilityGlobals) = postSolution
		SolutionGuid = {3C73964C-DF28-42DD-BD24-0276ADA2CB17}
	EndGlobalSection
EndGlobal
